// !$*UTF8*$!
{
	archiveVersion = 1;
	classes = {
	};
	objectVersion = 50;
	objects = {

/* Begin PBXBuildFile section */
		E371448D25BDE42A00D088FF /* AppDelegate.swift in Sources */ = {isa = PBXBuildFile; fileRef = E371448C25BDE42A00D088FF /* AppDelegate.swift */; };
		E371448F25BDE42A00D088FF /* SceneDelegate.swift in Sources */ = {isa = PBXBuildFile; fileRef = E371448E25BDE42A00D088FF /* SceneDelegate.swift */; };
		E371449125BDE42A00D088FF /* ViewController.swift in Sources */ = {isa = PBXBuildFile; fileRef = E371449025BDE42A00D088FF /* ViewController.swift */; };
		E371449425BDE42A00D088FF /* Main.storyboard in Resources */ = {isa = PBXBuildFile; fileRef = E371449225BDE42A00D088FF /* Main.storyboard */; };
		E371449625BDE42B00D088FF /* Assets.xcassets in Resources */ = {isa = PBXBuildFile; fileRef = E371449525BDE42B00D088FF /* Assets.xcassets */; };
		E371449925BDE42B00D088FF /* LaunchScreen.storyboard in Resources */ = {isa = PBXBuildFile; fileRef = E371449725BDE42B00D088FF /* LaunchScreen.storyboard */; };
		E37144A725BDE77A00D088FF /* GameScene.swift in Sources */ = {isa = PBXBuildFile; fileRef = E37144A625BDE77A00D088FF /* GameScene.swift */; };
		E3DA418625C5AFCE00422B7C /* bgm.mp3 in Resources */ = {isa = PBXBuildFile; fileRef = E3DA418525C5AFCD00422B7C /* bgm.mp3 */; };
		E3DA418A25C5BA0500422B7C /* se.mp3 in Resources */ = {isa = PBXBuildFile; fileRef = E3DA418925C5BA0500422B7C /* se.mp3 */; };
		E3DA418E25C861CC00422B7C /* MyParticle.sks in Resources */ = {isa = PBXBuildFile; fileRef = E3DA418D25C861CC00422B7C /* MyParticle.sks */; };
		E3DA419125C8635A00422B7C /* up.mp3 in Resources */ = {isa = PBXBuildFile; fileRef = E3DA419025C8635A00422B7C /* up.mp3 */; };
/* End PBXBuildFile section */

/* Begin PBXFileReference section */
		E371448925BDE42A00D088FF /* FlappyBird.app */ = {isa = PBXFileReference; explicitFileType = wrapper.application; includeInIndex = 0; path = FlappyBird.app; sourceTree = BUILT_PRODUCTS_DIR; };
		E371448C25BDE42A00D088FF /* AppDelegate.swift */ = {isa = PBXFileReference; lastKnownFileType = sourcecode.swift; path = AppDelegate.swift; sourceTree = "<group>"; };
		E371448E25BDE42A00D088FF /* SceneDelegate.swift */ = {isa = PBXFileReference; lastKnownFileType = sourcecode.swift; path = SceneDelegate.swift; sourceTree = "<group>"; };
		E371449025BDE42A00D088FF /* ViewController.swift */ = {isa = PBXFileReference; lastKnownFileType = sourcecode.swift; path = ViewController.swift; sourceTree = "<group>"; };
		E371449325BDE42A00D088FF /* Base */ = {isa = PBXFileReference; lastKnownFileType = file.storyboard; name = Base; path = Base.lproj/Main.storyboard; sourceTree = "<group>"; };
		E371449525BDE42B00D088FF /* Assets.xcassets */ = {isa = PBXFileReference; lastKnownFileType = folder.assetcatalog; path = Assets.xcassets; sourceTree = "<group>"; };
		E371449825BDE42B00D088FF /* Base */ = {isa = PBXFileReference; lastKnownFileType = file.storyboard; name = Base; path = Base.lproj/LaunchScreen.storyboard; sourceTree = "<group>"; };
		E371449A25BDE42B00D088FF /* Info.plist */ = {isa = PBXFileReference; lastKnownFileType = text.plist.xml; path = Info.plist; sourceTree = "<group>"; };
		E37144A625BDE77A00D088FF /* GameScene.swift */ = {isa = PBXFileReference; lastKnownFileType = sourcecode.swift; path = GameScene.swift; sourceTree = "<group>"; };
		E3DA418525C5AFCD00422B7C /* bgm.mp3 */ = {isa = PBXFileReference; lastKnownFileType = audio.mp3; path = bgm.mp3; sourceTree = "<group>"; };
		E3DA418925C5BA0500422B7C /* se.mp3 */ = {isa = PBXFileReference; lastKnownFileType = audio.mp3; path = se.mp3; sourceTree = "<group>"; };
		E3DA418D25C861CC00422B7C /* MyParticle.sks */ = {isa = PBXFileReference; lastKnownFileType = file.sks; path = MyParticle.sks; sourceTree = "<group>"; };
		E3DA419025C8635A00422B7C /* up.mp3 */ = {isa = PBXFileReference; lastKnownFileType = audio.mp3; path = up.mp3; sourceTree = "<group>"; };
/* End PBXFileReference section */

/* Begin PBXFrameworksBuildPhase section */
		E371448625BDE42A00D088FF /* Frameworks */ = {
			isa = PBXFrameworksBuildPhase;
			buildActionMask = 2147483647;
			files = (
			);
			runOnlyForDeploymentPostprocessing = 0;
		};
/* End PBXFrameworksBuildPhase section */

/* Begin PBXGroup section */
		E371448025BDE42A00D088FF = {
			isa = PBXGroup;
			children = (
				E371448B25BDE42A00D088FF /* FlappyBird */,
				E371448A25BDE42A00D088FF /* Products */,
			);
			sourceTree = "<group>";
		};
		E371448A25BDE42A00D088FF /* Products */ = {
			isa = PBXGroup;
			children = (
				E371448925BDE42A00D088FF /* FlappyBird.app */,
			);
			name = Products;
			sourceTree = "<group>";
		};
		E371448B25BDE42A00D088FF /* FlappyBird */ = {
			isa = PBXGroup;
			children = (
				E371448C25BDE42A00D088FF /* AppDelegate.swift */,
				E371448E25BDE42A00D088FF /* SceneDelegate.swift */,
				E37144A625BDE77A00D088FF /* GameScene.swift */,
				E3DA418D25C861CC00422B7C /* MyParticle.sks */,
				E371449025BDE42A00D088FF /* ViewController.swift */,
				E371449225BDE42A00D088FF /* Main.storyboard */,
				E3DA418925C5BA0500422B7C /* se.mp3 */,
				E3DA419025C8635A00422B7C /* up.mp3 */,
				E3DA418525C5AFCD00422B7C /* bgm.mp3 */,
				E371449525BDE42B00D088FF /* Assets.xcassets */,
				E371449725BDE42B00D088FF /* LaunchScreen.storyboard */,
				E371449A25BDE42B00D088FF /* Info.plist */,
			);
			path = FlappyBird;
			sourceTree = "<group>";
		};
/* End PBXGroup section */

/* Begin PBXNativeTarget section */
		E371448825BDE42A00D088FF /* FlappyBird */ = {
			isa = PBXNativeTarget;
			buildConfigurationList = E371449D25BDE42B00D088FF /* Build configuration list for PBXNativeTarget "FlappyBird" */;
			buildPhases = (
				E371448525BDE42A00D088FF /* Sources */,
				E371448625BDE42A00D088FF /* Frameworks */,
				E371448725BDE42A00D088FF /* Resources */,
			);
			buildRules = (
			);
			dependencies = (
			);
			name = FlappyBird;
			productName = FlappyBird;
			productReference = E371448925BDE42A00D088FF /* FlappyBird.app */;
			productType = "com.apple.product-type.application";
		};
/* End PBXNativeTarget section */

/* Begin PBXProject section */
		E371448125BDE42A00D088FF /* Project object */ = {
			isa = PBXProject;
			attributes = {
				LastSwiftUpdateCheck = 1230;
				LastUpgradeCheck = 1230;
				TargetAttributes = {
					E371448825BDE42A00D088FF = {
						CreatedOnToolsVersion = 12.3;
					};
				};
			};
			buildConfigurationList = E371448425BDE42A00D088FF /* Build configuration list for PBXProject "FlappyBird" */;
			compatibilityVersion = "Xcode 9.3";
			developmentRegion = en;
			hasScannedForEncodings = 0;
			knownRegions = (
				en,
				Base,
			);
			mainGroup = E371448025BDE42A00D088FF;
			productRefGroup = E371448A25BDE42A00D088FF /* Products */;
			projectDirPath = "";
			projectRoot = "";
			targets = (
				E371448825BDE42A00D088FF /* FlappyBird */,
			);
		};
/* End PBXProject section */

/* Begin PBXResourcesBuildPhase section */
		E371448725BDE42A00D088FF /* Resources */ = {
			isa = PBXResourcesBuildPhase;
			buildActionMask = 2147483647;
			files = (
				E3DA418A25C5BA0500422B7C /* se.mp3 in Resources */,
				E3DA418E25C861CC00422B7C /* MyParticle.sks in Resources */,
				E3DA419125C8635A00422B7C /* up.mp3 in Resources */,
				E371449925BDE42B00D088FF /* LaunchScreen.storyboard in Resources */,
				E371449625BDE42B00D088FF /* Assets.xcassets in Resources */,
				E3DA418625C5AFCE00422B7C /* bgm.mp3 in Resources */,
				E371449425BDE42A00D088FF /* Main.storyboard in Resources */,
			);
			runOnlyForDeploymentPostprocessing = 0;
		};
/* End PBXResourcesBuildPhase section */

/* Begin PBXSourcesBuildPhase section */
		E371448525BDE42A00D088FF /* Sources */ = {
			isa = PBXSourcesBuildPhase;
			buildActionMask = 2147483647;
			files = (
				E371449125BDE42A00D088FF /* ViewController.swift in Sources */,
				E371448D25BDE42A00D088FF /* AppDelegate.swift in Sources */,
				E37144A725BDE77A00D088FF /* GameScene.swift in Sources */,
				E371448F25BDE42A00D088FF /* SceneDelegate.swift in Sources */,
			);
			runOnlyForDeploymentPostprocessing = 0;
		};
/* End PBXSourcesBuildPhase section */

/* Begin PBXVariantGroup section */
		E371449225BDE42A00D088FF /* Main.storyboard */ = {
			isa = PBXVariantGroup;
			children = (
				E371449325BDE42A00D088FF /* Base */,
			);
			name = Main.storyboard;
			sourceTree = "<group>";
		};
		E371449725BDE42B00D088FF /* LaunchScreen.storyboard */ = {
			isa = PBXVariantGroup;
			children = (
				E371449825BDE42B00D088FF /* Base */,
			);
			name = LaunchScreen.storyboard;
			sourceTree = "<group>";
		};
/* End PBXVariantGroup section */

/* Begin XCBuildConfiguration section */
		E371449B25BDE42B00D088FF /* Debug */ = {
			isa = XCBuildConfiguration;
			buildSettings = {
				ALWAYS_SEARCH_USER_PATHS = NO;
				CLANG_ANALYZER_NONNULL = YES;
				CLANG_ANALYZER_NUMBER_OBJECT_CONVERSION = YES_AGGRESSIVE;
				CLANG_CXX_LANGUAGE_STANDARD = "gnu++14";
				CLANG_CXX_LIBRARY = "libc++";
				CLANG_ENABLE_MODULES = YES;
				CLANG_ENABLE_OBJC_ARC = YES;
				CLANG_ENABLE_OBJC_WEAK = YES;
				CLANG_WARN_BLOCK_CAPTURE_AUTORELEASING = YES;
				CLANG_WARN_BOOL_CONVERSION = YES;
				CLANG_WARN_COMMA = YES;
				CLANG_WARN_CONSTANT_CONVERSION = YES;
				CLANG_WARN_DEPRECATED_OBJC_IMPLEMENTATIONS = YES;
				CLANG_WARN_DIRECT_OBJC_ISA_USAGE = YES_ERROR;
				CLANG_WARN_DOCUMENTATION_COMMENTS = YES;
				CLANG_WARN_EMPTY_BODY = YES;
				CLANG_WARN_ENUM_CONVERSION = YES;
				CLANG_WARN_INFINITE_RECURSION = YES;
				CLANG_WARN_INT_CONVERSION = YES;
				CLANG_WARN_NON_LITERAL_NULL_CONVERSION = YES;
				CLANG_WARN_OBJC_IMPLICIT_RETAIN_SELF = YES;
				CLANG_WARN_OBJC_LITERAL_CONVERSION = YES;
				CLANG_WARN_OBJC_ROOT_CLASS = YES_ERROR;
				CLANG_WARN_QUOTED_INCLUDE_IN_FRAMEWORK_HEADER = YES;
				CLANG_WARN_RANGE_LOOP_ANALYSIS = YES;
				CLANG_WARN_STRICT_PROTOTYPES = YES;
				CLANG_WARN_SUSPICIOUS_MOVE = YES;
				CLANG_WARN_UNGUARDED_AVAILABILITY = YES_AGGRESSIVE;
				CLANG_WARN_UNREACHABLE_CODE = YES;
				CLANG_WARN__DUPLICATE_METHOD_MATCH = YES;
				COPY_PHASE_STRIP = NO;
				DEBUG_INFORMATION_FORMAT = dwarf;
				ENABLE_STRICT_OBJC_MSGSEND = YES;
				ENABLE_TESTABILITY = YES;
				GCC_C_LANGUAGE_STANDARD = gnu11;
				GCC_DYNAMIC_NO_PIC = NO;
				GCC_NO_COMMON_BLOCKS = YES;
				GCC_OPTIMIZATION_LEVEL = 0;
				GCC_PREPROCESSOR_DEFINITIONS = (
					"DEBUG=1",
					"$(inherited)",
				);
				GCC_WARN_64_TO_32_BIT_CONVERSION = YES;
				GCC_WARN_ABOUT_RETURN_TYPE = YES_ERROR;
				GCC_WARN_UNDECLARED_SELECTOR = YES;
				GCC_WARN_UNINITIALIZED_AUTOS = YES_AGGRESSIVE;
				GCC_WARN_UNUSED_FUNCTION = YES;
				GCC_WARN_UNUSED_VARIABLE = YES;
				IPHONEOS_DEPLOYMENT_TARGET = 14.3;
				MTL_ENABLE_DEBUG_INFO = INCLUDE_SOURCE;
				MTL_FAST_MATH = YES;
				ONLY_ACTIVE_ARCH = YES;
				SDKROOT = iphoneos;
				SWIFT_ACTIVE_COMPILATION_CONDITIONS = DEBUG;
				SWIFT_OPTIMIZATION_LEVEL = "-Onone";
			};
			name = Debug;
		};
		E371449C25BDE42B00D088FF /* Release */ = {
			isa = XCBuildConfiguration;
			buildSettings = {
				ALWAYS_SEARCH_USER_PATHS = NO;
				CLANG_ANALYZER_NONNULL = YES;
				CLANG_ANALYZER_NUMBER_OBJECT_CONVERSION = YES_AGGRESSIVE;
				CLANG_CXX_LANGUAGE_STANDARD = "gnu++14";
				CLANG_CXX_LIBRARY = "libc++";
				CLANG_ENABLE_MODULES = YES;
				CLANG_ENABLE_OBJC_ARC = YES;
				CLANG_ENABLE_OBJC_WEAK = YES;
				CLANG_WARN_BLOCK_CAPTURE_AUTORELEASING = YES;
				CLANG_WARN_BOOL_CONVERSION = YES;
				CLANG_WARN_COMMA = YES;
				CLANG_WARN_CONSTANT_CONVERSION = YES;
				CLANG_WARN_DEPRECATED_OBJC_IMPLEMENTATIONS = YES;
				CLANG_WARN_DIRECT_OBJC_ISA_USAGE = YES_ERROR;
				CLANG_WARN_DOCUMENTATION_COMMENTS = YES;
				CLANG_WARN_EMPTY_BODY = YES;
				CLANG_WARN_ENUM_CONVERSION = YES;
				CLANG_WARN_INFINITE_RECURSION = YES;
				CLANG_WARN_INT_CONVERSION = YES;
				CLANG_WARN_NON_LITERAL_NULL_CONVERSION = YES;
				CLANG_WARN_OBJC_IMPLICIT_RETAIN_SELF = YES;
				CLANG_WARN_OBJC_LITERAL_CONVERSION = YES;
				CLANG_WARN_OBJC_ROOT_CLASS = YES_ERROR;
				CLANG_WARN_QUOTED_INCLUDE_IN_FRAMEWORK_HEADER = YES;
				CLANG_WARN_RANGE_LOOP_ANALYSIS = YES;
				CLANG_WARN_STRICT_PROTOTYPES = YES;
				CLANG_WARN_SUSPICIOUS_MOVE = YES;
				CLANG_WARN_UNGUARDED_AVAILABILITY = YES_AGGRESSIVE;
				CLANG_WARN_UNREACHABLE_CODE = YES;
				CLANG_WARN__DUPLICATE_METHOD_MATCH = YES;
				COPY_PHASE_STRIP = NO;
				DEBUG_INFORMATION_FORMAT = "dwarf-with-dsym";
				ENABLE_NS_ASSERTIONS = NO;
				ENABLE_STRICT_OBJC_MSGSEND = YES;
				GCC_C_LANGUAGE_STANDARD = gnu11;
				GCC_NO_COMMON_BLOCKS = YES;
				GCC_WARN_64_TO_32_BIT_CONVERSION = YES;
				GCC_WARN_ABOUT_RETURN_TYPE = YES_ERROR;
				GCC_WARN_UNDECLARED_SELECTOR = YES;
				GCC_WARN_UNINITIALIZED_AUTOS = YES_AGGRESSIVE;
				GCC_WARN_UNUSED_FUNCTION = YES;
				GCC_WARN_UNUSED_VARIABLE = YES;
				IPHONEOS_DEPLOYMENT_TARGET = 14.3;
				MTL_ENABLE_DEBUG_INFO = NO;
				MTL_FAST_MATH = YES;
				SDKROOT = iphoneos;
				SWIFT_COMPILATION_MODE = wholemodule;
				SWIFT_OPTIMIZATION_LEVEL = "-O";
				VALIDATE_PRODUCT = YES;
			};
			name = Release;
		};
		E371449E25BDE42B00D088FF /* Debug */ = {
			isa = XCBuildConfiguration;
			buildSettings = {
				ASSETCATALOG_COMPILER_APPICON_NAME = AppIcon;
				ASSETCATALOG_COMPILER_GLOBAL_ACCENT_COLOR_NAME = AccentColor;
				CODE_SIGN_STYLE = Automatic;
				DEVELOPMENT_TEAM = BQYTFQ453T;
				INFOPLIST_FILE = FlappyBird/Info.plist;
				LD_RUNPATH_SEARCH_PATHS = (
					"$(inherited)",
					"@executable_path/Frameworks",
				);
				PRODUCT_BUNDLE_IDENTIFIER = jp.techacademy.Hisakatsu.Yoshikawa.FlappyBird;
				PRODUCT_NAME = "$(TARGET_NAME)";
				SWIFT_VERSION = 5.0;
				TARGETED_DEVICE_FAMILY = 1;
			};
			name = Debug;
		};
		E371449F25BDE42B00D088FF /* Release */ = {
			isa = XCBuildConfiguration;
			buildSettings = {
				ASSETCATALOG_COMPILER_APPICON_NAME = AppIcon;
				ASSETCATALOG_COMPILER_GLOBAL_ACCENT_COLOR_NAME = AccentColor;
				CODE_SIGN_STYLE = Automatic;
				DEVELOPMENT_TEAM = BQYTFQ453T;
				INFOPLIST_FILE = FlappyBird/Info.plist;
				LD_RUNPATH_SEARCH_PATHS = (
					"$(inherited)",
					"@executable_path/Frameworks",
				);
				PRODUCT_BUNDLE_IDENTIFIER = jp.techacademy.Hisakatsu.Yoshikawa.FlappyBird;
				PRODUCT_NAME = "$(TARGET_NAME)";
				SWIFT_VERSION = 5.0;
				TARGETED_DEVICE_FAMILY = 1;
			};
			name = Release;
		};
/* End XCBuildConfiguration section */

/* Begin XCConfigurationList section */
		E371448425BDE42A00D088FF /* Build configuration list for PBXProject "FlappyBird" */ = {
			isa = XCConfigurationList;
			buildConfigurations = (
				E371449B25BDE42B00D088FF /* Debug */,
				E371449C25BDE42B00D088FF /* Release */,
			);
			defaultConfigurationIsVisible = 0;
			defaultConfigurationName = Release;
		};
		E371449D25BDE42B00D088FF /* Build configuration list for PBXNativeTarget "FlappyBird" */ = {
			isa = XCConfigurationList;
			buildConfigurations = (
				E371449E25BDE42B00D088FF /* Debug */,
				E371449F25BDE42B00D088FF /* Release */,
			);
			defaultConfigurationIsVisible = 0;
			defaultConfigurationName = Release;
		};
/* End XCConfigurationList section */
	};
	rootObject = E371448125BDE42A00D088FF /* Project object */;
}
